{
  "version": "5",
  "specifiers": {
    "jsr:@std/assert@1.0.16": "1.0.16",
    "jsr:@std/internal@^1.0.12": "1.0.12"
  },
  "jsr": {
    "@std/assert@1.0.16": {
      "integrity": "6a7272ed1eaa77defe76e5ff63ca705d9c495077e2d5fd0126d2b53fc5bd6532",
      "dependencies": [
        "jsr:@std/internal"
      ]
    },
    "@std/internal@1.0.12": {
      "integrity": "972a634fd5bc34b242024402972cd5143eac68d8dffaca5eaa4dba30ce17b027"
    }
  },
  "remote": {
    "https://cdn.skypack.dev/-/lodash@v4.17.21-Nu3N9b7agjt3Q6ZuOQVe/dist=es2019,mode=imports/optimized/lodash.js": "10c4df47937ffc78548d136dd535a021df5f57182a653260d715c0690dd22978",
    "https://cdn.skypack.dev/lodash?dts": "292f02ab67c095ea852fbe9973f6b471747ef41f3b38c2082ce8b1968bcb47bd"
  },
  "workspace": {
    "dependencies": [
      "jsr:@std/assert@1.0.16"
    ]
  }
}
